
Microsoft Visual Studio Solution File, Format Version 12.00
# Visual Studio Version 16
VisualStudioVersion = 16.0.29613.14
MinimumVisualStudioVersion = 10.0.40219.1
Project("{FAE04EC0-301F-11D3-BF4B-00C04F79EFBC}") = "Лаб 3", "OOP(3___)\Лаб 3.csproj", "{2988C498-2343-453F-BC28-B95ED3D3D879}"
EndProject
Global
	GlobalSection(SolutionConfigurationPlatforms) = preSolution
		Debug|Any CPU = Debug|Any CPU
		Release|Any CPU = Release|Any CPU
	EndGlobalSection
	GlobalSection(ProjectConfigurationPlatforms) = postSolution
		{2988C498-2343-453F-BC28-B95ED3D3D879}.Debug|Any CPU.ActiveCfg = Debug|Any CPU
		{2988C498-2343-453F-BC28-B95ED3D3D879}.Debug|Any CPU.Build.0 = Debug|Any CPU
		{2988C498-2343-453F-BC28-B95ED3D3D879}.Release|Any CPU.ActiveCfg = Release|Any CPU
		{2988C498-2343-453F-BC28-B95ED3D3D879}.Release|Any CPU.Build.0 = Release|Any CPU
	EndGlobalSection
	GlobalSection(SolutionProperties) = preSolution
		HideSolutionNode = FALSE
	EndGlobalSection
	GlobalSection(ExtensibilityGlobals) = postSolution
		SolutionGuid = {29AE0326-6E82-4AB3-A37E-9E952D5CDDD6}
	EndGlobalSection
EndGlobal
